
Microsoft Visual Studio Solution File, Format Version 12.00
# Visual Studio Version 17
VisualStudioVersion = 17.7.34024.191
MinimumVisualStudioVersion = 10.0.40219.1
Project("{9A19103F-16F7-4668-BE54-9A1E7A4F7556}") = "homework1_bootcamp", "homework1_bootcamp.csproj", "{D38B70C2-26A0-4B09-8383-8914366ED0F1}"
EndProject
Global
	GlobalSection(SolutionConfigurationPlatforms) = preSolution
		Debug|Any CPU = Debug|Any CPU
		Release|Any CPU = Release|Any CPU
	EndGlobalSection
	GlobalSection(ProjectConfigurationPlatforms) = postSolution
		{D38B70C2-26A0-4B09-8383-8914366ED0F1}.Debug|Any CPU.ActiveCfg = Debug|Any CPU
		{D38B70C2-26A0-4B09-8383-8914366ED0F1}.Debug|Any CPU.Build.0 = Debug|Any CPU
		{D38B70C2-26A0-4B09-8383-8914366ED0F1}.Release|Any CPU.ActiveCfg = Release|Any CPU
		{D38B70C2-26A0-4B09-8383-8914366ED0F1}.Release|Any CPU.Build.0 = Release|Any CPU
	EndGlobalSection
	GlobalSection(SolutionProperties) = preSolution
		HideSolutionNode = FALSE
	EndGlobalSection
	GlobalSection(ExtensibilityGlobals) = postSolution
		SolutionGuid = {FEE6B960-51FB-4309-A63D-5EA2A1A17FC8}
	EndGlobalSection
EndGlobal
